
Microsoft Visual Studio Solution File, Format Version 11.00
# Visual Studio 2010
Project("{8BC9CEB8-8B4A-11D0-8D11-00A0C91BC942}") = "Library", "Library.vcxproj", "{DA7D1154-F56E-4074-9F72-D742B76B8F63}"
EndProject
Project("{8BC9CEB8-8B4A-11D0-8D11-00A0C91BC942}") = "vector4", "tests\vector4\vector4.vcxproj", "{02379697-8FD7-4A53-964A-0CA3B854E772}"
	ProjectSection(ProjectDependencies) = postProject
		{DA7D1154-F56E-4074-9F72-D742B76B8F63} = {DA7D1154-F56E-4074-9F72-D742B76B8F63}
		{72227F96-1594-4AB8-A6B1-C2A7C8C4A0B4} = {72227F96-1594-4AB8-A6B1-C2A7C8C4A0B4}
	EndProjectSection
EndProject
Project("{8BC9CEB8-8B4A-11D0-8D11-00A0C91BC942}") = "common", "tests\common\common.vcxproj", "{72227F96-1594-4AB8-A6B1-C2A7C8C4A0B4}"
EndProject
Project("{8BC9CEB8-8B4A-11D0-8D11-00A0C91BC942}") = "matrix4", "tests\matrix4\matrix4.vcxproj", "{11B30D5C-412F-4C84-A244-CB29403EA993}"
EndProject
Project("{8BC9CEB8-8B4A-11D0-8D11-00A0C91BC942}") = "opengl", "tests\opengl\opengl.vcxproj", "{6712FF14-7176-45B7-AC21-C539FA65964F}"
EndProject
Project("{8BC9CEB8-8B4A-11D0-8D11-00A0C91BC942}") = "box2d", "tests\box2d\box2d.vcxproj", "{19F8EC18-EF15-41BF-A389-3282B8B32893}"
EndProject
Global
	GlobalSection(SolutionConfigurationPlatforms) = preSolution
		Debug|Win32 = Debug|Win32
		Release|Win32 = Release|Win32
	EndGlobalSection
	GlobalSection(ProjectConfigurationPlatforms) = postSolution
		{DA7D1154-F56E-4074-9F72-D742B76B8F63}.Debug|Win32.ActiveCfg = Debug|Win32
		{DA7D1154-F56E-4074-9F72-D742B76B8F63}.Release|Win32.ActiveCfg = Release|Win32
		{02379697-8FD7-4A53-964A-0CA3B854E772}.Debug|Win32.ActiveCfg = Debug|Win32
		{02379697-8FD7-4A53-964A-0CA3B854E772}.Debug|Win32.Build.0 = Debug|Win32
		{02379697-8FD7-4A53-964A-0CA3B854E772}.Release|Win32.ActiveCfg = Release|Win32
		{02379697-8FD7-4A53-964A-0CA3B854E772}.Release|Win32.Build.0 = Release|Win32
		{72227F96-1594-4AB8-A6B1-C2A7C8C4A0B4}.Debug|Win32.ActiveCfg = Debug|Win32
		{72227F96-1594-4AB8-A6B1-C2A7C8C4A0B4}.Release|Win32.ActiveCfg = Release|Win32
		{72227F96-1594-4AB8-A6B1-C2A7C8C4A0B4}.Release|Win32.Build.0 = Release|Win32
		{11B30D5C-412F-4C84-A244-CB29403EA993}.Debug|Win32.ActiveCfg = Debug|Win32
		{11B30D5C-412F-4C84-A244-CB29403EA993}.Debug|Win32.Build.0 = Debug|Win32
		{11B30D5C-412F-4C84-A244-CB29403EA993}.Release|Win32.ActiveCfg = Release|Win32
		{11B30D5C-412F-4C84-A244-CB29403EA993}.Release|Win32.Build.0 = Release|Win32
		{6712FF14-7176-45B7-AC21-C539FA65964F}.Debug|Win32.ActiveCfg = Debug|Win32
		{6712FF14-7176-45B7-AC21-C539FA65964F}.Debug|Win32.Build.0 = Debug|Win32
		{6712FF14-7176-45B7-AC21-C539FA65964F}.Release|Win32.ActiveCfg = Release|Win32
		{6712FF14-7176-45B7-AC21-C539FA65964F}.Release|Win32.Build.0 = Release|Win32
		{19F8EC18-EF15-41BF-A389-3282B8B32893}.Debug|Win32.ActiveCfg = Debug|Win32
		{19F8EC18-EF15-41BF-A389-3282B8B32893}.Debug|Win32.Build.0 = Debug|Win32
		{19F8EC18-EF15-41BF-A389-3282B8B32893}.Release|Win32.ActiveCfg = Release|Win32
		{19F8EC18-EF15-41BF-A389-3282B8B32893}.Release|Win32.Build.0 = Release|Win32
	EndGlobalSection
	GlobalSection(SolutionProperties) = preSolution
		HideSolutionNode = FALSE
	EndGlobalSection
EndGlobal
